
Microsoft Visual Studio Solution File, Format Version 11.00
# Visual Basic Express 2010
Project("{F184B08F-C81C-45F6-A57F-5ABD9991F28F}") = "AuthGuard", "AuthGuard.vbproj", "{A013A1BA-07F3-4880-B404-D4F5869F6511}"
EndProject
Project("{F184B08F-C81C-45F6-A57F-5ABD9991F28F}") = "Luncher", "..\Luncher\Luncher.vbproj", "{5A3F7555-9935-4F83-A75E-FC7C3009B6BD}"
EndProject
Global
	GlobalSection(SolutionConfigurationPlatforms) = preSolution
		Debug|x86 = Debug|x86
		Release|x86 = Release|x86
	EndGlobalSection
	GlobalSection(ProjectConfigurationPlatforms) = postSolution
		{A013A1BA-07F3-4880-B404-D4F5869F6511}.Debug|x86.ActiveCfg = Debug|x86
		{A013A1BA-07F3-4880-B404-D4F5869F6511}.Debug|x86.Build.0 = Debug|x86
		{A013A1BA-07F3-4880-B404-D4F5869F6511}.Release|x86.ActiveCfg = Release|x86
		{A013A1BA-07F3-4880-B404-D4F5869F6511}.Release|x86.Build.0 = Release|x86
		{5A3F7555-9935-4F83-A75E-FC7C3009B6BD}.Debug|x86.ActiveCfg = Debug|x86
		{5A3F7555-9935-4F83-A75E-FC7C3009B6BD}.Debug|x86.Build.0 = Debug|x86
		{5A3F7555-9935-4F83-A75E-FC7C3009B6BD}.Release|x86.ActiveCfg = Release|x86
		{5A3F7555-9935-4F83-A75E-FC7C3009B6BD}.Release|x86.Build.0 = Release|x86
	EndGlobalSection
	GlobalSection(SolutionProperties) = preSolution
		HideSolutionNode = FALSE
	EndGlobalSection
EndGlobal
